// !$*UTF8*$!
{
	archiveVersion = 1;
	classes = {
	};
	objectVersion = 56;
	objects = {

/* Begin PBXBuildFile section */
		38E6B3DD2C6BBA2200E20F82 /* seafarpApp.swift in Sources */ = {isa = PBXBuildFile; fileRef = 38E6B3DC2C6BBA2200E20F82 /* seafarpApp.swift */; };
		38E6B3DF2C6BBA2200E20F82 /* ContentView.swift in Sources */ = {isa = PBXBuildFile; fileRef = 38E6B3DE2C6BBA2200E20F82 /* ContentView.swift */; };
		38E6B3E12C6BBA2300E20F82 /* Assets.xcassets in Resources */ = {isa = PBXBuildFile; fileRef = 38E6B3E02C6BBA2300E20F82 /* Assets.xcassets */; };
		38E6B3E42C6BBA2300E20F82 /* Preview Assets.xcassets in Resources */ = {isa = PBXBuildFile; fileRef = 38E6B3E32C6BBA2300E20F82 /* Preview Assets.xcassets */; };
		38E6B3EE2C6BBA2300E20F82 /* seafarpTests.swift in Sources */ = {isa = PBXBuildFile; fileRef = 38E6B3ED2C6BBA2300E20F82 /* seafarpTests.swift */; };
		38E6B3F82C6BBA2300E20F82 /* seafarpUITests.swift in Sources */ = {isa = PBXBuildFile; fileRef = 38E6B3F72C6BBA2300E20F82 /* seafarpUITests.swift */; };
		38E6B3FA2C6BBA2300E20F82 /* seafarpUITestsLaunchTests.swift in Sources */ = {isa = PBXBuildFile; fileRef = 38E6B3F92C6BBA2300E20F82 /* seafarpUITestsLaunchTests.swift */; };
		38E6B4072C6BBAEC00E20F82 /* FDTimer.swift in Sources */ = {isa = PBXBuildFile; fileRef = 38E6B4062C6BBAEC00E20F82 /* FDTimer.swift */; };
		38E6B4092C6BBB2E00E20F82 /* FDTimer+Formatting.swift in Sources */ = {isa = PBXBuildFile; fileRef = 38E6B4082C6BBB2E00E20F82 /* FDTimer+Formatting.swift */; };
		38E6B40B2C6C729100E20F82 /* modal_todo.swift in Sources */ = {isa = PBXBuildFile; fileRef = 38E6B40A2C6C729100E20F82 /* modal_todo.swift */; };
		38E6B40D2C6C751000E20F82 /* Stopwatch.swift in Sources */ = {isa = PBXBuildFile; fileRef = 38E6B40C2C6C751000E20F82 /* Stopwatch.swift */; };
		38E6B40F2C6C757000E20F82 /* Modal.swift in Sources */ = {isa = PBXBuildFile; fileRef = 38E6B40E2C6C757000E20F82 /* Modal.swift */; };
		38E6B4112C6C759200E20F82 /* MyApp.swift in Sources */ = {isa = PBXBuildFile; fileRef = 38E6B4102C6C759200E20F82 /* MyApp.swift */; };
/* End PBXBuildFile section */

/* Begin PBXContainerItemProxy section */
		38E6B3EA2C6BBA2300E20F82 /* PBXContainerItemProxy */ = {
			isa = PBXContainerItemProxy;
			containerPortal = 38E6B3D12C6BBA2200E20F82 /* Project object */;
			proxyType = 1;
			remoteGlobalIDString = 38E6B3D82C6BBA2200E20F82;
			remoteInfo = seafarp;
		};
		38E6B3F42C6BBA2300E20F82 /* PBXContainerItemProxy */ = {
			isa = PBXContainerItemProxy;
			containerPortal = 38E6B3D12C6BBA2200E20F82 /* Project object */;
			proxyType = 1;
			remoteGlobalIDString = 38E6B3D82C6BBA2200E20F82;
			remoteInfo = seafarp;
		};
/* End PBXContainerItemProxy section */

/* Begin PBXFileReference section */
		38E6B3D92C6BBA2200E20F82 /* seafarp.app */ = {isa = PBXFileReference; explicitFileType = wrapper.application; includeInIndex = 0; path = seafarp.app; sourceTree = BUILT_PRODUCTS_DIR; };
		38E6B3DC2C6BBA2200E20F82 /* seafarpApp.swift */ = {isa = PBXFileReference; lastKnownFileType = sourcecode.swift; path = seafarpApp.swift; sourceTree = "<group>"; };
		38E6B3DE2C6BBA2200E20F82 /* ContentView.swift */ = {isa = PBXFileReference; lastKnownFileType = sourcecode.swift; path = ContentView.swift; sourceTree = "<group>"; };
		38E6B3E02C6BBA2300E20F82 /* Assets.xcassets */ = {isa = PBXFileReference; lastKnownFileType = folder.assetcatalog; path = Assets.xcassets; sourceTree = "<group>"; };
		38E6B3E32C6BBA2300E20F82 /* Preview Assets.xcassets */ = {isa = PBXFileReference; lastKnownFileType = folder.assetcatalog; path = "Preview Assets.xcassets"; sourceTree = "<group>"; };
		38E6B3E92C6BBA2300E20F82 /* seafarpTests.xctest */ = {isa = PBXFileReference; explicitFileType = wrapper.cfbundle; includeInIndex = 0; path = seafarpTests.xctest; sourceTree = BUILT_PRODUCTS_DIR; };
		38E6B3ED2C6BBA2300E20F82 /* seafarpTests.swift */ = {isa = PBXFileReference; lastKnownFileType = sourcecode.swift; path = seafarpTests.swift; sourceTree = "<group>"; };
		38E6B3F32C6BBA2300E20F82 /* seafarpUITests.xctest */ = {isa = PBXFileReference; explicitFileType = wrapper.cfbundle; includeInIndex = 0; path = seafarpUITests.xctest; sourceTree = BUILT_PRODUCTS_DIR; };
		38E6B3F72C6BBA2300E20F82 /* seafarpUITests.swift */ = {isa = PBXFileReference; lastKnownFileType = sourcecode.swift; path = seafarpUITests.swift; sourceTree = "<group>"; };
		38E6B3F92C6BBA2300E20F82 /* seafarpUITestsLaunchTests.swift */ = {isa = PBXFileReference; lastKnownFileType = sourcecode.swift; path = seafarpUITestsLaunchTests.swift; sourceTree = "<group>"; };
		38E6B4062C6BBAEC00E20F82 /* FDTimer.swift */ = {isa = PBXFileReference; lastKnownFileType = sourcecode.swift; path = FDTimer.swift; sourceTree = "<group>"; };
		38E6B4082C6BBB2E00E20F82 /* FDTimer+Formatting.swift */ = {isa = PBXFileReference; lastKnownFileType = sourcecode.swift; path = "FDTimer+Formatting.swift"; sourceTree = "<group>"; };
		38E6B40A2C6C729100E20F82 /* modal_todo.swift */ = {isa = PBXFileReference; lastKnownFileType = sourcecode.swift; path = modal_todo.swift; sourceTree = "<group>"; };
		38E6B40C2C6C751000E20F82 /* Stopwatch.swift */ = {isa = PBXFileReference; lastKnownFileType = sourcecode.swift; path = Stopwatch.swift; sourceTree = "<group>"; };
		38E6B40E2C6C757000E20F82 /* Modal.swift */ = {isa = PBXFileReference; lastKnownFileType = sourcecode.swift; path = Modal.swift; sourceTree = "<group>"; };
		38E6B4102C6C759200E20F82 /* MyApp.swift */ = {isa = PBXFileReference; lastKnownFileType = sourcecode.swift; path = MyApp.swift; sourceTree = "<group>"; };
/* End PBXFileReference section */

/* Begin PBXFrameworksBuildPhase section */
		38E6B3D62C6BBA2200E20F82 /* Frameworks */ = {
			isa = PBXFrameworksBuildPhase;
			buildActionMask = 2147483647;
			files = (
			);
			runOnlyForDeploymentPostprocessing = 0;
		};
		38E6B3E62C6BBA2300E20F82 /* Frameworks */ = {
			isa = PBXFrameworksBuildPhase;
			buildActionMask = 2147483647;
			files = (
			);
			runOnlyForDeploymentPostprocessing = 0;
		};
		38E6B3F02C6BBA2300E20F82 /* Frameworks */ = {
			isa = PBXFrameworksBuildPhase;
			buildActionMask = 2147483647;
			files = (
			);
			runOnlyForDeploymentPostprocessing = 0;
		};
/* End PBXFrameworksBuildPhase section */

/* Begin PBXGroup section */
		38E6B3D02C6BBA2200E20F82 = {
			isa = PBXGroup;
			children = (
				38E6B3DB2C6BBA2200E20F82 /* seafarp */,
				38E6B3EC2C6BBA2300E20F82 /* seafarpTests */,
				38E6B3F62C6BBA2300E20F82 /* seafarpUITests */,
				38E6B3DA2C6BBA2200E20F82 /* Products */,
			);
			sourceTree = "<group>";
		};
		38E6B3DA2C6BBA2200E20F82 /* Products */ = {
			isa = PBXGroup;
			children = (
				38E6B3D92C6BBA2200E20F82 /* seafarp.app */,
				38E6B3E92C6BBA2300E20F82 /* seafarpTests.xctest */,
				38E6B3F32C6BBA2300E20F82 /* seafarpUITests.xctest */,
			);
			name = Products;
			sourceTree = "<group>";
		};
		38E6B3DB2C6BBA2200E20F82 /* seafarp */ = {
			isa = PBXGroup;
			children = (
				38E6B3DC2C6BBA2200E20F82 /* seafarpApp.swift */,
				38E6B3DE2C6BBA2200E20F82 /* ContentView.swift */,
				38E6B4062C6BBAEC00E20F82 /* FDTimer.swift */,
				38E6B4082C6BBB2E00E20F82 /* FDTimer+Formatting.swift */,
				38E6B3E02C6BBA2300E20F82 /* Assets.xcassets */,
				38E6B40A2C6C729100E20F82 /* modal_todo.swift */,
				38E6B40C2C6C751000E20F82 /* Stopwatch.swift */,
				38E6B40E2C6C757000E20F82 /* Modal.swift */,
				38E6B4102C6C759200E20F82 /* MyApp.swift */,
				38E6B3E22C6BBA2300E20F82 /* Preview Content */,
			);
			path = seafarp;
			sourceTree = "<group>";
		};
		38E6B3E22C6BBA2300E20F82 /* Preview Content */ = {
			isa = PBXGroup;
			children = (
				38E6B3E32C6BBA2300E20F82 /* Preview Assets.xcassets */,
			);
			path = "Preview Content";
			sourceTree = "<group>";
		};
		38E6B3EC2C6BBA2300E20F82 /* seafarpTests */ = {
			isa = PBXGroup;
			children = (
				38E6B3ED2C6BBA2300E20F82 /* seafarpTests.swift */,
			);
			path = seafarpTests;
			sourceTree = "<group>";
		};
		38E6B3F62C6BBA2300E20F82 /* seafarpUITests */ = {
			isa = PBXGroup;
			children = (
				38E6B3F72C6BBA2300E20F82 /* seafarpUITests.swift */,
				38E6B3F92C6BBA2300E20F82 /* seafarpUITestsLaunchTests.swift */,
			);
			path = seafarpUITests;
			sourceTree = "<group>";
		};
/* End PBXGroup section */

/* Begin PBXNativeTarget section */
		38E6B3D82C6BBA2200E20F82 /* seafarp */ = {
			isa = PBXNativeTarget;
			buildConfigurationList = 38E6B3FD2C6BBA2300E20F82 /* Build configuration list for PBXNativeTarget "seafarp" */;
			buildPhases = (
				38E6B3D52C6BBA2200E20F82 /* Sources */,
				38E6B3D62C6BBA2200E20F82 /* Frameworks */,
				38E6B3D72C6BBA2200E20F82 /* Resources */,
			);
			buildRules = (
			);
			dependencies = (
			);
			name = seafarp;
			productName = seafarp;
			productReference = 38E6B3D92C6BBA2200E20F82 /* seafarp.app */;
			productType = "com.apple.product-type.application";
		};
		38E6B3E82C6BBA2300E20F82 /* seafarpTests */ = {
			isa = PBXNativeTarget;
			buildConfigurationList = 38E6B4002C6BBA2300E20F82 /* Build configuration list for PBXNativeTarget "seafarpTests" */;
			buildPhases = (
				38E6B3E52C6BBA2300E20F82 /* Sources */,
				38E6B3E62C6BBA2300E20F82 /* Frameworks */,
				38E6B3E72C6BBA2300E20F82 /* Resources */,
			);
			buildRules = (
			);
			dependencies = (
				38E6B3EB2C6BBA2300E20F82 /* PBXTargetDependency */,
			);
			name = seafarpTests;
			productName = seafarpTests;
			productReference = 38E6B3E92C6BBA2300E20F82 /* seafarpTests.xctest */;
			productType = "com.apple.product-type.bundle.unit-test";
		};
		38E6B3F22C6BBA2300E20F82 /* seafarpUITests */ = {
			isa = PBXNativeTarget;
			buildConfigurationList = 38E6B4032C6BBA2300E20F82 /* Build configuration list for PBXNativeTarget "seafarpUITests" */;
			buildPhases = (
				38E6B3EF2C6BBA2300E20F82 /* Sources */,
				38E6B3F02C6BBA2300E20F82 /* Frameworks */,
				38E6B3F12C6BBA2300E20F82 /* Resources */,
			);
			buildRules = (
			);
			dependencies = (
				38E6B3F52C6BBA2300E20F82 /* PBXTargetDependency */,
			);
			name = seafarpUITests;
			productName = seafarpUITests;
			productReference = 38E6B3F32C6BBA2300E20F82 /* seafarpUITests.xctest */;
			productType = "com.apple.product-type.bundle.ui-testing";
		};
/* End PBXNativeTarget section */

/* Begin PBXProject section */
		38E6B3D12C6BBA2200E20F82 /* Project object */ = {
			isa = PBXProject;
			attributes = {
				BuildIndependentTargetsInParallel = 1;
				LastSwiftUpdateCheck = 1540;
				LastUpgradeCheck = 1540;
				TargetAttributes = {
					38E6B3D82C6BBA2200E20F82 = {
						CreatedOnToolsVersion = 15.4;
					};
					38E6B3E82C6BBA2300E20F82 = {
						CreatedOnToolsVersion = 15.4;
						TestTargetID = 38E6B3D82C6BBA2200E20F82;
					};
					38E6B3F22C6BBA2300E20F82 = {
						CreatedOnToolsVersion = 15.4;
						TestTargetID = 38E6B3D82C6BBA2200E20F82;
					};
				};
			};
			buildConfigurationList = 38E6B3D42C6BBA2200E20F82 /* Build configuration list for PBXProject "seafarp" */;
			compatibilityVersion = "Xcode 14.0";
			developmentRegion = en;
			hasScannedForEncodings = 0;
			knownRegions = (
				en,
				Base,
			);
			mainGroup = 38E6B3D02C6BBA2200E20F82;
			productRefGroup = 38E6B3DA2C6BBA2200E20F82 /* Products */;
			projectDirPath = "";
			projectRoot = "";
			targets = (
				38E6B3D82C6BBA2200E20F82 /* seafarp */,
				38E6B3E82C6BBA2300E20F82 /* seafarpTests */,
				38E6B3F22C6BBA2300E20F82 /* seafarpUITests */,
			);
		};
/* End PBXProject section */

/* Begin PBXResourcesBuildPhase section */
		38E6B3D72C6BBA2200E20F82 /* Resources */ = {
			isa = PBXResourcesBuildPhase;
			buildActionMask = 2147483647;
			files = (
				38E6B3E42C6BBA2300E20F82 /* Preview Assets.xcassets in Resources */,
				38E6B3E12C6BBA2300E20F82 /* Assets.xcassets in Resources */,
			);
			runOnlyForDeploymentPostprocessing = 0;
		};
		38E6B3E72C6BBA2300E20F82 /* Resources */ = {
			isa = PBXResourcesBuildPhase;
			buildActionMask = 2147483647;
			files = (
			);
			runOnlyForDeploymentPostprocessing = 0;
		};
		38E6B3F12C6BBA2300E20F82 /* Resources */ = {
			isa = PBXResourcesBuildPhase;
			buildActionMask = 2147483647;
			files = (
			);
			runOnlyForDeploymentPostprocessing = 0;
		};
/* End PBXResourcesBuildPhase section */

/* Begin PBXSourcesBuildPhase section */
		38E6B3D52C6BBA2200E20F82 /* Sources */ = {
			isa = PBXSourcesBuildPhase;
			buildActionMask = 2147483647;
			files = (
				38E6B4092C6BBB2E00E20F82 /* FDTimer+Formatting.swift in Sources */,
				38E6B40D2C6C751000E20F82 /* Stopwatch.swift in Sources */,
				38E6B4072C6BBAEC00E20F82 /* FDTimer.swift in Sources */,
				38E6B3DF2C6BBA2200E20F82 /* ContentView.swift in Sources */,
				38E6B40F2C6C757000E20F82 /* Modal.swift in Sources */,
				38E6B4112C6C759200E20F82 /* MyApp.swift in Sources */,
				38E6B40B2C6C729100E20F82 /* modal_todo.swift in Sources */,
				38E6B3DD2C6BBA2200E20F82 /* seafarpApp.swift in Sources */,
			);
			runOnlyForDeploymentPostprocessing = 0;
		};
		38E6B3E52C6BBA2300E20F82 /* Sources */ = {
			isa = PBXSourcesBuildPhase;
			buildActionMask = 2147483647;
			files = (
				38E6B3EE2C6BBA2300E20F82 /* seafarpTests.swift in Sources */,
			);
			runOnlyForDeploymentPostprocessing = 0;
		};
		38E6B3EF2C6BBA2300E20F82 /* Sources */ = {
			isa = PBXSourcesBuildPhase;
			buildActionMask = 2147483647;
			files = (
				38E6B3F82C6BBA2300E20F82 /* seafarpUITests.swift in Sources */,
				38E6B3FA2C6BBA2300E20F82 /* seafarpUITestsLaunchTests.swift in Sources */,
			);
			runOnlyForDeploymentPostprocessing = 0;
		};
/* End PBXSourcesBuildPhase section */

/* Begin PBXTargetDependency section */
		38E6B3EB2C6BBA2300E20F82 /* PBXTargetDependency */ = {
			isa = PBXTargetDependency;
			target = 38E6B3D82C6BBA2200E20F82 /* seafarp */;
			targetProxy = 38E6B3EA2C6BBA2300E20F82 /* PBXContainerItemProxy */;
		};
		38E6B3F52C6BBA2300E20F82 /* PBXTargetDependency */ = {
			isa = PBXTargetDependency;
			target = 38E6B3D82C6BBA2200E20F82 /* seafarp */;
			targetProxy = 38E6B3F42C6BBA2300E20F82 /* PBXContainerItemProxy */;
		};
/* End PBXTargetDependency section */

/* Begin XCBuildConfiguration section */
		38E6B3FB2C6BBA2300E20F82 /* Debug */ = {
			isa = XCBuildConfiguration;
			buildSettings = {
				ALWAYS_SEARCH_USER_PATHS = NO;
				ASSETCATALOG_COMPILER_GENERATE_SWIFT_ASSET_SYMBOL_EXTENSIONS = YES;
				CLANG_ANALYZER_NONNULL = YES;
				CLANG_ANALYZER_NUMBER_OBJECT_CONVERSION = YES_AGGRESSIVE;
				CLANG_CXX_LANGUAGE_STANDARD = "gnu++20";
				CLANG_ENABLE_MODULES = YES;
				CLANG_ENABLE_OBJC_ARC = YES;
				CLANG_ENABLE_OBJC_WEAK = YES;
				CLANG_WARN_BLOCK_CAPTURE_AUTORELEASING = YES;
				CLANG_WARN_BOOL_CONVERSION = YES;
				CLANG_WARN_COMMA = YES;
				CLANG_WARN_CONSTANT_CONVERSION = YES;
				CLANG_WARN_DEPRECATED_OBJC_IMPLEMENTATIONS = YES;
				CLANG_WARN_DIRECT_OBJC_ISA_USAGE = YES_ERROR;
				CLANG_WARN_DOCUMENTATION_COMMENTS = YES;
				CLANG_WARN_EMPTY_BODY = YES;
				CLANG_WARN_ENUM_CONVERSION = YES;
				CLANG_WARN_INFINITE_RECURSION = YES;
				CLANG_WARN_INT_CONVERSION = YES;
				CLANG_WARN_NON_LITERAL_NULL_CONVERSION = YES;
				CLANG_WARN_OBJC_IMPLICIT_RETAIN_SELF = YES;
				CLANG_WARN_OBJC_LITERAL_CONVERSION = YES;
				CLANG_WARN_OBJC_ROOT_CLASS = YES_ERROR;
				CLANG_WARN_QUOTED_INCLUDE_IN_FRAMEWORK_HEADER = YES;
				CLANG_WARN_RANGE_LOOP_ANALYSIS = YES;
				CLANG_WARN_STRICT_PROTOTYPES = YES;
				CLANG_WARN_SUSPICIOUS_MOVE = YES;
				CLANG_WARN_UNGUARDED_AVAILABILITY = YES_AGGRESSIVE;
				CLANG_WARN_UNREACHABLE_CODE = YES;
				CLANG_WARN__DUPLICATE_METHOD_MATCH = YES;
				COPY_PHASE_STRIP = NO;
				DEBUG_INFORMATION_FORMAT = dwarf;
				ENABLE_STRICT_OBJC_MSGSEND = YES;
				ENABLE_TESTABILITY = YES;
				ENABLE_USER_SCRIPT_SANDBOXING = YES;
				GCC_C_LANGUAGE_STANDARD = gnu17;
				GCC_DYNAMIC_NO_PIC = NO;
				GCC_NO_COMMON_BLOCKS = YES;
				GCC_OPTIMIZATION_LEVEL = 0;
				GCC_PREPROCESSOR_DEFINITIONS = (
					"DEBUG=1",
					"$(inherited)",
				);
				GCC_WARN_64_TO_32_BIT_CONVERSION = YES;
				GCC_WARN_ABOUT_RETURN_TYPE = YES_ERROR;
				GCC_WARN_UNDECLARED_SELECTOR = YES;
				GCC_WARN_UNINITIALIZED_AUTOS = YES_AGGRESSIVE;
				GCC_WARN_UNUSED_FUNCTION = YES;
				GCC_WARN_UNUSED_VARIABLE = YES;
				IPHONEOS_DEPLOYMENT_TARGET = 17.5;
				LOCALIZATION_PREFERS_STRING_CATALOGS = YES;
				MTL_ENABLE_DEBUG_INFO = INCLUDE_SOURCE;
				MTL_FAST_MATH = YES;
				ONLY_ACTIVE_ARCH = YES;
				SDKROOT = iphoneos;
				SWIFT_ACTIVE_COMPILATION_CONDITIONS = "DEBUG $(inherited)";
				SWIFT_OPTIMIZATION_LEVEL = "-Onone";
			};
			name = Debug;
		};
		38E6B3FC2C6BBA2300E20F82 /* Release */ = {
			isa = XCBuildConfiguration;
			buildSettings = {
				ALWAYS_SEARCH_USER_PATHS = NO;
				ASSETCATALOG_COMPILER_GENERATE_SWIFT_ASSET_SYMBOL_EXTENSIONS = YES;
				CLANG_ANALYZER_NONNULL = YES;
				CLANG_ANALYZER_NUMBER_OBJECT_CONVERSION = YES_AGGRESSIVE;
				CLANG_CXX_LANGUAGE_STANDARD = "gnu++20";
				CLANG_ENABLE_MODULES = YES;
				CLANG_ENABLE_OBJC_ARC = YES;
				CLANG_ENABLE_OBJC_WEAK = YES;
				CLANG_WARN_BLOCK_CAPTURE_AUTORELEASING = YES;
				CLANG_WARN_BOOL_CONVERSION = YES;
				CLANG_WARN_COMMA = YES;
				CLANG_WARN_CONSTANT_CONVERSION = YES;
				CLANG_WARN_DEPRECATED_OBJC_IMPLEMENTATIONS = YES;
				CLANG_WARN_DIRECT_OBJC_ISA_USAGE = YES_ERROR;
				CLANG_WARN_DOCUMENTATION_COMMENTS = YES;
				CLANG_WARN_EMPTY_BODY = YES;
				CLANG_WARN_ENUM_CONVERSION = YES;
				CLANG_WARN_INFINITE_RECURSION = YES;
				CLANG_WARN_INT_CONVERSION = YES;
				CLANG_WARN_NON_LITERAL_NULL_CONVERSION = YES;
				CLANG_WARN_OBJC_IMPLICIT_RETAIN_SELF = YES;
				CLANG_WARN_OBJC_LITERAL_CONVERSION = YES;
				CLANG_WARN_OBJC_ROOT_CLASS = YES_ERROR;
				CLANG_WARN_QUOTED_INCLUDE_IN_FRAMEWORK_HEADER = YES;
				CLANG_WARN_RANGE_LOOP_ANALYSIS = YES;
				CLANG_WARN_STRICT_PROTOTYPES = YES;
				CLANG_WARN_SUSPICIOUS_MOVE = YES;
				CLANG_WARN_UNGUARDED_AVAILABILITY = YES_AGGRESSIVE;
				CLANG_WARN_UNREACHABLE_CODE = YES;
				CLANG_WARN__DUPLICATE_METHOD_MATCH = YES;
				COPY_PHASE_STRIP = NO;
				DEBUG_INFORMATION_FORMAT = "dwarf-with-dsym";
				ENABLE_NS_ASSERTIONS = NO;
				ENABLE_STRICT_OBJC_MSGSEND = YES;
				ENABLE_USER_SCRIPT_SANDBOXING = YES;
				GCC_C_LANGUAGE_STANDARD = gnu17;
				GCC_NO_COMMON_BLOCKS = YES;
				GCC_WARN_64_TO_32_BIT_CONVERSION = YES;
				GCC_WARN_ABOUT_RETURN_TYPE = YES_ERROR;
				GCC_WARN_UNDECLARED_SELECTOR = YES;
				GCC_WARN_UNINITIALIZED_AUTOS = YES_AGGRESSIVE;
				GCC_WARN_UNUSED_FUNCTION = YES;
				GCC_WARN_UNUSED_VARIABLE = YES;
				IPHONEOS_DEPLOYMENT_TARGET = 17.5;
				LOCALIZATION_PREFERS_STRING_CATALOGS = YES;
				MTL_ENABLE_DEBUG_INFO = NO;
				MTL_FAST_MATH = YES;
				SDKROOT = iphoneos;
				SWIFT_COMPILATION_MODE = wholemodule;
				VALIDATE_PRODUCT = YES;
			};
			name = Release;
		};
		38E6B3FE2C6BBA2300E20F82 /* Debug */ = {
			isa = XCBuildConfiguration;
			buildSettings = {
				ASSETCATALOG_COMPILER_APPICON_NAME = AppIcon;
				ASSETCATALOG_COMPILER_GLOBAL_ACCENT_COLOR_NAME = AccentColor;
				CODE_SIGN_STYLE = Automatic;
				CURRENT_PROJECT_VERSION = 1;
				DEVELOPMENT_ASSET_PATHS = "\"seafarp/Preview Content\"";
				ENABLE_PREVIEWS = YES;
				GENERATE_INFOPLIST_FILE = YES;
				INFOPLIST_KEY_UIApplicationSceneManifest_Generation = YES;
				INFOPLIST_KEY_UIApplicationSupportsIndirectInputEvents = YES;
				INFOPLIST_KEY_UILaunchScreen_Generation = YES;
				INFOPLIST_KEY_UISupportedInterfaceOrientations_iPad = "UIInterfaceOrientationPortrait UIInterfaceOrientationPortraitUpsideDown UIInterfaceOrientationLandscapeLeft UIInterfaceOrientationLandscapeRight";
				INFOPLIST_KEY_UISupportedInterfaceOrientations_iPhone = "UIInterfaceOrientationPortrait UIInterfaceOrientationLandscapeLeft UIInterfaceOrientationLandscapeRight";
				LD_RUNPATH_SEARCH_PATHS = (
					"$(inherited)",
					"@executable_path/Frameworks",
				);
				MARKETING_VERSION = 1.0;
				PRODUCT_BUNDLE_IDENTIFIER = co.seafarp;
				PRODUCT_NAME = "$(TARGET_NAME)";
				SWIFT_EMIT_LOC_STRINGS = YES;
				SWIFT_VERSION = 5.0;
				TARGETED_DEVICE_FAMILY = "1,2";
			};
			name = Debug;
		};
		38E6B3FF2C6BBA2300E20F82 /* Release */ = {
			isa = XCBuildConfiguration;
			buildSettings = {
				ASSETCATALOG_COMPILER_APPICON_NAME = AppIcon;
				ASSETCATALOG_COMPILER_GLOBAL_ACCENT_COLOR_NAME = AccentColor;
				CODE_SIGN_STYLE = Automatic;
				CURRENT_PROJECT_VERSION = 1;
				DEVELOPMENT_ASSET_PATHS = "\"seafarp/Preview Content\"";
				ENABLE_PREVIEWS = YES;
				GENERATE_INFOPLIST_FILE = YES;
				INFOPLIST_KEY_UIApplicationSceneManifest_Generation = YES;
				INFOPLIST_KEY_UIApplicationSupportsIndirectInputEvents = YES;
				INFOPLIST_KEY_UILaunchScreen_Generation = YES;
				INFOPLIST_KEY_UISupportedInterfaceOrientations_iPad = "UIInterfaceOrientationPortrait UIInterfaceOrientationPortraitUpsideDown UIInterfaceOrientationLandscapeLeft UIInterfaceOrientationLandscapeRight";
				INFOPLIST_KEY_UISupportedInterfaceOrientations_iPhone = "UIInterfaceOrientationPortrait UIInterfaceOrientationLandscapeLeft UIInterfaceOrientationLandscapeRight";
				LD_RUNPATH_SEARCH_PATHS = (
					"$(inherited)",
					"@executable_path/Frameworks",
				);
				MARKETING_VERSION = 1.0;
				PRODUCT_BUNDLE_IDENTIFIER = co.seafarp;
				PRODUCT_NAME = "$(TARGET_NAME)";
				SWIFT_EMIT_LOC_STRINGS = YES;
				SWIFT_VERSION = 5.0;
				TARGETED_DEVICE_FAMILY = "1,2";
			};
			name = Release;
		};
		38E6B4012C6BBA2300E20F82 /* Debug */ = {
			isa = XCBuildConfiguration;
			buildSettings = {
				ALWAYS_EMBED_SWIFT_STANDARD_LIBRARIES = YES;
				BUNDLE_LOADER = "$(TEST_HOST)";
				CODE_SIGN_STYLE = Automatic;
				CURRENT_PROJECT_VERSION = 1;
				GENERATE_INFOPLIST_FILE = YES;
				IPHONEOS_DEPLOYMENT_TARGET = 17.5;
				MARKETING_VERSION = 1.0;
				PRODUCT_BUNDLE_IDENTIFIER = co.seafarpTests;
				PRODUCT_NAME = "$(TARGET_NAME)";
				SWIFT_EMIT_LOC_STRINGS = NO;
				SWIFT_VERSION = 5.0;
				TARGETED_DEVICE_FAMILY = "1,2";
				TEST_HOST = "$(BUILT_PRODUCTS_DIR)/seafarp.app/$(BUNDLE_EXECUTABLE_FOLDER_PATH)/seafarp";
			};
			name = Debug;
		};
		38E6B4022C6BBA2300E20F82 /* Release */ = {
			isa = XCBuildConfiguration;
			buildSettings = {
				ALWAYS_EMBED_SWIFT_STANDARD_LIBRARIES = YES;
				BUNDLE_LOADER = "$(TEST_HOST)";
				CODE_SIGN_STYLE = Automatic;
				CURRENT_PROJECT_VERSION = 1;
				GENERATE_INFOPLIST_FILE = YES;
				IPHONEOS_DEPLOYMENT_TARGET = 17.5;
				MARKETING_VERSION = 1.0;
				PRODUCT_BUNDLE_IDENTIFIER = co.seafarpTests;
				PRODUCT_NAME = "$(TARGET_NAME)";
				SWIFT_EMIT_LOC_STRINGS = NO;
				SWIFT_VERSION = 5.0;
				TARGETED_DEVICE_FAMILY = "1,2";
				TEST_HOST = "$(BUILT_PRODUCTS_DIR)/seafarp.app/$(BUNDLE_EXECUTABLE_FOLDER_PATH)/seafarp";
			};
			name = Release;
		};
		38E6B4042C6BBA2300E20F82 /* Debug */ = {
			isa = XCBuildConfiguration;
			buildSettings = {
				ALWAYS_EMBED_SWIFT_STANDARD_LIBRARIES = YES;
				CODE_SIGN_STYLE = Automatic;
				CURRENT_PROJECT_VERSION = 1;
				GENERATE_INFOPLIST_FILE = YES;
				MARKETING_VERSION = 1.0;
				PRODUCT_BUNDLE_IDENTIFIER = co.seafarpUITests;
				PRODUCT_NAME = "$(TARGET_NAME)";
				SWIFT_EMIT_LOC_STRINGS = NO;
				SWIFT_VERSION = 5.0;
				TARGETED_DEVICE_FAMILY = "1,2";
				TEST_TARGET_NAME = seafarp;
			};
			name = Debug;
		};
		38E6B4052C6BBA2300E20F82 /* Release */ = {
			isa = XCBuildConfiguration;
			buildSettings = {
				ALWAYS_EMBED_SWIFT_STANDARD_LIBRARIES = YES;
				CODE_SIGN_STYLE = Automatic;
				CURRENT_PROJECT_VERSION = 1;
				GENERATE_INFOPLIST_FILE = YES;
				MARKETING_VERSION = 1.0;
				PRODUCT_BUNDLE_IDENTIFIER = co.seafarpUITests;
				PRODUCT_NAME = "$(TARGET_NAME)";
				SWIFT_EMIT_LOC_STRINGS = NO;
				SWIFT_VERSION = 5.0;
				TARGETED_DEVICE_FAMILY = "1,2";
				TEST_TARGET_NAME = seafarp;
			};
			name = Release;
		};
/* End XCBuildConfiguration section */

/* Begin XCConfigurationList section */
		38E6B3D42C6BBA2200E20F82 /* Build configuration list for PBXProject "seafarp" */ = {
			isa = XCConfigurationList;
			buildConfigurations = (
				38E6B3FB2C6BBA2300E20F82 /* Debug */,
				38E6B3FC2C6BBA2300E20F82 /* Release */,
			);
			defaultConfigurationIsVisible = 0;
			defaultConfigurationName = Release;
		};
		38E6B3FD2C6BBA2300E20F82 /* Build configuration list for PBXNativeTarget "seafarp" */ = {
			isa = XCConfigurationList;
			buildConfigurations = (
				38E6B3FE2C6BBA2300E20F82 /* Debug */,
				38E6B3FF2C6BBA2300E20F82 /* Release */,
			);
			defaultConfigurationIsVisible = 0;
			defaultConfigurationName = Release;
		};
		38E6B4002C6BBA2300E20F82 /* Build configuration list for PBXNativeTarget "seafarpTests" */ = {
			isa = XCConfigurationList;
			buildConfigurations = (
				38E6B4012C6BBA2300E20F82 /* Debug */,
				38E6B4022C6BBA2300E20F82 /* Release */,
			);
			defaultConfigurationIsVisible = 0;
			defaultConfigurationName = Release;
		};
		38E6B4032C6BBA2300E20F82 /* Build configuration list for PBXNativeTarget "seafarpUITests" */ = {
			isa = XCConfigurationList;
			buildConfigurations = (
				38E6B4042C6BBA2300E20F82 /* Debug */,
				38E6B4052C6BBA2300E20F82 /* Release */,
			);
			defaultConfigurationIsVisible = 0;
			defaultConfigurationName = Release;
		};
/* End XCConfigurationList section */
	};
	rootObject = 38E6B3D12C6BBA2200E20F82 /* Project object */;
}
